
Microsoft Visual Studio Solution File, Format Version 12.00
# Visual Studio Version 17
VisualStudioVersion = 17.9.34607.119
MinimumVisualStudioVersion = 10.0.40219.1
Project("{FAE04EC0-301F-11D3-BF4B-00C04F79EFBC}") = "esercizio2-mvc-backend", "esercizio2-mvc-backend\esercizio2-mvc-backend.csproj", "{DCEB9245-7477-4863-B32E-B6316E7776D4}"
EndProject
Global
	GlobalSection(SolutionConfigurationPlatforms) = preSolution
		Debug|Any CPU = Debug|Any CPU
		Release|Any CPU = Release|Any CPU
	EndGlobalSection
	GlobalSection(ProjectConfigurationPlatforms) = postSolution
		{DCEB9245-7477-4863-B32E-B6316E7776D4}.Debug|Any CPU.ActiveCfg = Debug|Any CPU
		{DCEB9245-7477-4863-B32E-B6316E7776D4}.Debug|Any CPU.Build.0 = Debug|Any CPU
		{DCEB9245-7477-4863-B32E-B6316E7776D4}.Release|Any CPU.ActiveCfg = Release|Any CPU
		{DCEB9245-7477-4863-B32E-B6316E7776D4}.Release|Any CPU.Build.0 = Release|Any CPU
	EndGlobalSection
	GlobalSection(SolutionProperties) = preSolution
		HideSolutionNode = FALSE
	EndGlobalSection
	GlobalSection(ExtensibilityGlobals) = postSolution
		SolutionGuid = {67C60CA4-785C-4F48-A67A-F0AF311952A8}
	EndGlobalSection
EndGlobal
